# This file is automatically @generated by Cargo.
# It is not intended for manual editing.
version = 4

[[package]]
name = "ipnetwork"
version = "0.21.1"
source = "registry+https://github.com/rust-lang/crates.io-index"
checksum = "cf370abdafd54d13e54a620e8c3e1145f28e46cc9d704bc6d94414559df41763"

[[package]]
name = "ss"
version = "0.1.1"
dependencies = [
 "ipnetwork",
]
